
Microsoft Visual Studio Solution File, Format Version 12.00
# Visual Studio Version 17
VisualStudioVersion = 17.7.34221.43
MinimumVisualStudioVersion = 10.0.40219.1
Project("{FAE04EC0-301F-11D3-BF4B-00C04F79EFBC}") = "PowerPlantCodingChallenge.API", "PowerPlantCodingChallenge.API\PowerPlantCodingChallenge.API.csproj", "{7B443D7F-2D17-4F0A-AC67-FA932D80EDE5}"
EndProject
Project("{FAE04EC0-301F-11D3-BF4B-00C04F79EFBC}") = "PowerPlantCodingChallenge.Domain", "PowerPlantCodingChallenge.Domain\PowerPlantCodingChallenge.Domain.csproj", "{63D42A3C-17D5-4527-83EE-B401396F51AD}"
EndProject
Project("{FAE04EC0-301F-11D3-BF4B-00C04F79EFBC}") = "PowerPlantCodingChallenge.Services", "PowerPlantCodingChallenge.Services\PowerPlantCodingChallenge.Services.csproj", "{727A4A6A-007A-4B5B-B5FD-9DC709CBCDB2}"
EndProject
Project("{FAE04EC0-301F-11D3-BF4B-00C04F79EFBC}") = "PowerPlantCodingChallenge.Tests", "PowerPlantCodingChallenge.Tests\PowerPlantCodingChallenge.Tests.csproj", "{AE0E9C8C-826C-42EC-83D8-B20002ADF366}"
EndProject
Global
	GlobalSection(SolutionConfigurationPlatforms) = preSolution
		Debug|Any CPU = Debug|Any CPU
		Release|Any CPU = Release|Any CPU
	EndGlobalSection
	GlobalSection(ProjectConfigurationPlatforms) = postSolution
		{7B443D7F-2D17-4F0A-AC67-FA932D80EDE5}.Debug|Any CPU.ActiveCfg = Debug|Any CPU
		{7B443D7F-2D17-4F0A-AC67-FA932D80EDE5}.Debug|Any CPU.Build.0 = Debug|Any CPU
		{7B443D7F-2D17-4F0A-AC67-FA932D80EDE5}.Release|Any CPU.ActiveCfg = Release|Any CPU
		{7B443D7F-2D17-4F0A-AC67-FA932D80EDE5}.Release|Any CPU.Build.0 = Release|Any CPU
		{63D42A3C-17D5-4527-83EE-B401396F51AD}.Debug|Any CPU.ActiveCfg = Debug|Any CPU
		{63D42A3C-17D5-4527-83EE-B401396F51AD}.Debug|Any CPU.Build.0 = Debug|Any CPU
		{63D42A3C-17D5-4527-83EE-B401396F51AD}.Release|Any CPU.ActiveCfg = Release|Any CPU
		{63D42A3C-17D5-4527-83EE-B401396F51AD}.Release|Any CPU.Build.0 = Release|Any CPU
		{727A4A6A-007A-4B5B-B5FD-9DC709CBCDB2}.Debug|Any CPU.ActiveCfg = Debug|Any CPU
		{727A4A6A-007A-4B5B-B5FD-9DC709CBCDB2}.Debug|Any CPU.Build.0 = Debug|Any CPU
		{727A4A6A-007A-4B5B-B5FD-9DC709CBCDB2}.Release|Any CPU.ActiveCfg = Release|Any CPU
		{727A4A6A-007A-4B5B-B5FD-9DC709CBCDB2}.Release|Any CPU.Build.0 = Release|Any CPU
		{AE0E9C8C-826C-42EC-83D8-B20002ADF366}.Debug|Any CPU.ActiveCfg = Debug|Any CPU
		{AE0E9C8C-826C-42EC-83D8-B20002ADF366}.Debug|Any CPU.Build.0 = Debug|Any CPU
		{AE0E9C8C-826C-42EC-83D8-B20002ADF366}.Release|Any CPU.ActiveCfg = Release|Any CPU
		{AE0E9C8C-826C-42EC-83D8-B20002ADF366}.Release|Any CPU.Build.0 = Release|Any CPU
	EndGlobalSection
	GlobalSection(SolutionProperties) = preSolution
		HideSolutionNode = FALSE
	EndGlobalSection
	GlobalSection(ExtensibilityGlobals) = postSolution
		SolutionGuid = {A1928E72-D9B1-445E-8807-7C2FB3E23A52}
	EndGlobalSection
EndGlobal
